
Microsoft Visual Studio Solution File, Format Version 12.00
# Visual Studio Version 17
VisualStudioVersion = 17.5.002.0
MinimumVisualStudioVersion = 10.0.40219.1
Project("{9A19103F-16F7-4668-BE54-9A1E7A4F7556}") = "Aula2", "Aula2\Aula2.csproj", "{81B7841E-84B5-4609-8E67-3C09196C2AF9}"
EndProject
Project("{FAE04EC0-301F-11D3-BF4B-00C04F79EFBC}") = "aula1111", "aula1111\aula1111.csproj", "{1EC370DB-441B-4815-8AF4-5EB60CC307A6}"
EndProject
Project("{FAE04EC0-301F-11D3-BF4B-00C04F79EFBC}") = "Recursao", "Recursao\Recursao.csproj", "{6F99C07C-76FE-44E0-9521-A61BCC70E4AE}"
EndProject
Project("{FAE04EC0-301F-11D3-BF4B-00C04F79EFBC}") = "Composicao", "Composicao\Composicao.csproj", "{5787F063-DC0F-4553-9DA8-97A73A63A9DF}"
EndProject
Global
	GlobalSection(SolutionConfigurationPlatforms) = preSolution
		Debug|Any CPU = Debug|Any CPU
		Release|Any CPU = Release|Any CPU
	EndGlobalSection
	GlobalSection(ProjectConfigurationPlatforms) = postSolution
		{81B7841E-84B5-4609-8E67-3C09196C2AF9}.Debug|Any CPU.ActiveCfg = Debug|Any CPU
		{81B7841E-84B5-4609-8E67-3C09196C2AF9}.Debug|Any CPU.Build.0 = Debug|Any CPU
		{81B7841E-84B5-4609-8E67-3C09196C2AF9}.Release|Any CPU.ActiveCfg = Release|Any CPU
		{81B7841E-84B5-4609-8E67-3C09196C2AF9}.Release|Any CPU.Build.0 = Release|Any CPU
		{1EC370DB-441B-4815-8AF4-5EB60CC307A6}.Debug|Any CPU.ActiveCfg = Debug|Any CPU
		{1EC370DB-441B-4815-8AF4-5EB60CC307A6}.Debug|Any CPU.Build.0 = Debug|Any CPU
		{1EC370DB-441B-4815-8AF4-5EB60CC307A6}.Release|Any CPU.ActiveCfg = Release|Any CPU
		{1EC370DB-441B-4815-8AF4-5EB60CC307A6}.Release|Any CPU.Build.0 = Release|Any CPU
		{6F99C07C-76FE-44E0-9521-A61BCC70E4AE}.Debug|Any CPU.ActiveCfg = Debug|Any CPU
		{6F99C07C-76FE-44E0-9521-A61BCC70E4AE}.Debug|Any CPU.Build.0 = Debug|Any CPU
		{6F99C07C-76FE-44E0-9521-A61BCC70E4AE}.Release|Any CPU.ActiveCfg = Release|Any CPU
		{6F99C07C-76FE-44E0-9521-A61BCC70E4AE}.Release|Any CPU.Build.0 = Release|Any CPU
		{5787F063-DC0F-4553-9DA8-97A73A63A9DF}.Debug|Any CPU.ActiveCfg = Debug|Any CPU
		{5787F063-DC0F-4553-9DA8-97A73A63A9DF}.Debug|Any CPU.Build.0 = Debug|Any CPU
		{5787F063-DC0F-4553-9DA8-97A73A63A9DF}.Release|Any CPU.ActiveCfg = Release|Any CPU
		{5787F063-DC0F-4553-9DA8-97A73A63A9DF}.Release|Any CPU.Build.0 = Release|Any CPU
	EndGlobalSection
	GlobalSection(SolutionProperties) = preSolution
		HideSolutionNode = FALSE
	EndGlobalSection
	GlobalSection(ExtensibilityGlobals) = postSolution
		SolutionGuid = {6ABE8294-03AA-4846-9EDE-A8CFF8FA6469}
	EndGlobalSection
EndGlobal
