
Microsoft Visual Studio Solution File, Format Version 12.00
# Visual Studio Version 17
VisualStudioVersion = 17.5.002.0
MinimumVisualStudioVersion = 10.0.40219.1
Project("{9A19103F-16F7-4668-BE54-9A1E7A4F7556}") = "testeApp", "testeApp.csproj", "{44ED0550-1A19-43A0-AC7B-BB842B088907}"
EndProject
Global
	GlobalSection(SolutionConfigurationPlatforms) = preSolution
		Debug|Any CPU = Debug|Any CPU
		Release|Any CPU = Release|Any CPU
	EndGlobalSection
	GlobalSection(ProjectConfigurationPlatforms) = postSolution
		{44ED0550-1A19-43A0-AC7B-BB842B088907}.Debug|Any CPU.ActiveCfg = Debug|Any CPU
		{44ED0550-1A19-43A0-AC7B-BB842B088907}.Debug|Any CPU.Build.0 = Debug|Any CPU
		{44ED0550-1A19-43A0-AC7B-BB842B088907}.Release|Any CPU.ActiveCfg = Release|Any CPU
		{44ED0550-1A19-43A0-AC7B-BB842B088907}.Release|Any CPU.Build.0 = Release|Any CPU
	EndGlobalSection
	GlobalSection(SolutionProperties) = preSolution
		HideSolutionNode = FALSE
	EndGlobalSection
	GlobalSection(ExtensibilityGlobals) = postSolution
		SolutionGuid = {75E406F9-9440-4E7D-90AA-99D14F4B4A45}
	EndGlobalSection
EndGlobal
